
Microsoft Visual Studio Solution File, Format Version 12.00
# Visual Studio Version 17
VisualStudioVersion = 17.3.32901.215
MinimumVisualStudioVersion = 10.0.40219.1
Project("{FAE04EC0-301F-11D3-BF4B-00C04F79EFBC}") = "AL", "al\AL.csproj", "{8C878F44-9273-4F23-B00D-D93D3412C769}"
EndProject
Project("{FAE04EC0-301F-11D3-BF4B-00C04F79EFBC}") = "BLL", "BLL\BLL.csproj", "{E751D593-7692-484A-9725-6F6A36A52DE5}"
EndProject
Project("{FAE04EC0-301F-11D3-BF4B-00C04F79EFBC}") = "DAL", "DAL\DAL.csproj", "{7A95C733-54B6-4404-9EAC-8CF78A2A993D}"
EndProject
Global
	GlobalSection(SolutionConfigurationPlatforms) = preSolution
		Debug|Any CPU = Debug|Any CPU
		Release|Any CPU = Release|Any CPU
	EndGlobalSection
	GlobalSection(ProjectConfigurationPlatforms) = postSolution
		{8C878F44-9273-4F23-B00D-D93D3412C769}.Debug|Any CPU.ActiveCfg = Debug|Any CPU
		{8C878F44-9273-4F23-B00D-D93D3412C769}.Debug|Any CPU.Build.0 = Debug|Any CPU
		{8C878F44-9273-4F23-B00D-D93D3412C769}.Release|Any CPU.ActiveCfg = Release|Any CPU
		{8C878F44-9273-4F23-B00D-D93D3412C769}.Release|Any CPU.Build.0 = Release|Any CPU
		{E751D593-7692-484A-9725-6F6A36A52DE5}.Debug|Any CPU.ActiveCfg = Debug|Any CPU
		{E751D593-7692-484A-9725-6F6A36A52DE5}.Debug|Any CPU.Build.0 = Debug|Any CPU
		{E751D593-7692-484A-9725-6F6A36A52DE5}.Release|Any CPU.ActiveCfg = Release|Any CPU
		{E751D593-7692-484A-9725-6F6A36A52DE5}.Release|Any CPU.Build.0 = Release|Any CPU
		{7A95C733-54B6-4404-9EAC-8CF78A2A993D}.Debug|Any CPU.ActiveCfg = Debug|Any CPU
		{7A95C733-54B6-4404-9EAC-8CF78A2A993D}.Debug|Any CPU.Build.0 = Debug|Any CPU
		{7A95C733-54B6-4404-9EAC-8CF78A2A993D}.Release|Any CPU.ActiveCfg = Release|Any CPU
		{7A95C733-54B6-4404-9EAC-8CF78A2A993D}.Release|Any CPU.Build.0 = Release|Any CPU
	EndGlobalSection
	GlobalSection(SolutionProperties) = preSolution
		HideSolutionNode = FALSE
	EndGlobalSection
	GlobalSection(ExtensibilityGlobals) = postSolution
		SolutionGuid = {D52BC967-ED7D-46DE-A22F-699A9CC8AEF0}
	EndGlobalSection
EndGlobal
